// !$*UTF8*$!
{
	archiveVersion = 1;
	classes = {
	};
	objectVersion = 50;
	objects = {

/* Begin PBXBuildFile section */
		1FC1E9B52561FB0A00B5E2B7 /* HaptykApp.swift in Sources */ = {isa = PBXBuildFile; fileRef = 1FC1E9B42561FB0A00B5E2B7 /* HaptykApp.swift */; };
		1FC1E9B72561FB0A00B5E2B7 /* ContentView.swift in Sources */ = {isa = PBXBuildFile; fileRef = 1FC1E9B62561FB0A00B5E2B7 /* ContentView.swift */; };
		1FC1E9B92561FB0C00B5E2B7 /* Assets.xcassets in Resources */ = {isa = PBXBuildFile; fileRef = 1FC1E9B82561FB0C00B5E2B7 /* Assets.xcassets */; };
		1FC1E9BC2561FB0C00B5E2B7 /* Preview Assets.xcassets in Resources */ = {isa = PBXBuildFile; fileRef = 1FC1E9BB2561FB0C00B5E2B7 /* Preview Assets.xcassets */; };
		1FC1E9C72561FB0C00B5E2B7 /* HaptykTests.swift in Sources */ = {isa = PBXBuildFile; fileRef = 1FC1E9C62561FB0C00B5E2B7 /* HaptykTests.swift */; };
		1FC1E9D22561FB0C00B5E2B7 /* HaptykUITests.swift in Sources */ = {isa = PBXBuildFile; fileRef = 1FC1E9D12561FB0C00B5E2B7 /* HaptykUITests.swift */; };
/* End PBXBuildFile section */

/* Begin PBXContainerItemProxy section */
		1FC1E9C32561FB0C00B5E2B7 /* PBXContainerItemProxy */ = {
			isa = PBXContainerItemProxy;
			containerPortal = 1FC1E9A92561FB0A00B5E2B7 /* Project object */;
			proxyType = 1;
			remoteGlobalIDString = 1FC1E9B02561FB0A00B5E2B7;
			remoteInfo = Haptyk;
		};
		1FC1E9CE2561FB0C00B5E2B7 /* PBXContainerItemProxy */ = {
			isa = PBXContainerItemProxy;
			containerPortal = 1FC1E9A92561FB0A00B5E2B7 /* Project object */;
			proxyType = 1;
			remoteGlobalIDString = 1FC1E9B02561FB0A00B5E2B7;
			remoteInfo = Haptyk;
		};
/* End PBXContainerItemProxy section */

/* Begin PBXFileReference section */
		1FC1E9B12561FB0A00B5E2B7 /* Haptyk.app */ = {isa = PBXFileReference; explicitFileType = wrapper.application; includeInIndex = 0; path = Haptyk.app; sourceTree = BUILT_PRODUCTS_DIR; };
		1FC1E9B42561FB0A00B5E2B7 /* HaptykApp.swift */ = {isa = PBXFileReference; lastKnownFileType = sourcecode.swift; path = HaptykApp.swift; sourceTree = "<group>"; };
		1FC1E9B62561FB0A00B5E2B7 /* ContentView.swift */ = {isa = PBXFileReference; lastKnownFileType = sourcecode.swift; path = ContentView.swift; sourceTree = "<group>"; };
		1FC1E9B82561FB0C00B5E2B7 /* Assets.xcassets */ = {isa = PBXFileReference; lastKnownFileType = folder.assetcatalog; path = Assets.xcassets; sourceTree = "<group>"; };
		1FC1E9BB2561FB0C00B5E2B7 /* Preview Assets.xcassets */ = {isa = PBXFileReference; lastKnownFileType = folder.assetcatalog; path = "Preview Assets.xcassets"; sourceTree = "<group>"; };
		1FC1E9BD2561FB0C00B5E2B7 /* Info.plist */ = {isa = PBXFileReference; lastKnownFileType = text.plist.xml; path = Info.plist; sourceTree = "<group>"; };
		1FC1E9C22561FB0C00B5E2B7 /* HaptykTests.xctest */ = {isa = PBXFileReference; explicitFileType = wrapper.cfbundle; includeInIndex = 0; path = HaptykTests.xctest; sourceTree = BUILT_PRODUCTS_DIR; };
		1FC1E9C62561FB0C00B5E2B7 /* HaptykTests.swift */ = {isa = PBXFileReference; lastKnownFileType = sourcecode.swift; path = HaptykTests.swift; sourceTree = "<group>"; };
		1FC1E9C82561FB0C00B5E2B7 /* Info.plist */ = {isa = PBXFileReference; lastKnownFileType = text.plist.xml; path = Info.plist; sourceTree = "<group>"; };
		1FC1E9CD2561FB0C00B5E2B7 /* HaptykUITests.xctest */ = {isa = PBXFileReference; explicitFileType = wrapper.cfbundle; includeInIndex = 0; path = HaptykUITests.xctest; sourceTree = BUILT_PRODUCTS_DIR; };
		1FC1E9D12561FB0C00B5E2B7 /* HaptykUITests.swift */ = {isa = PBXFileReference; lastKnownFileType = sourcecode.swift; path = HaptykUITests.swift; sourceTree = "<group>"; };
		1FC1E9D32561FB0C00B5E2B7 /* Info.plist */ = {isa = PBXFileReference; lastKnownFileType = text.plist.xml; path = Info.plist; sourceTree = "<group>"; };
/* End PBXFileReference section */

/* Begin PBXFrameworksBuildPhase section */
		1FC1E9AE2561FB0A00B5E2B7 /* Frameworks */ = {
			isa = PBXFrameworksBuildPhase;
			buildActionMask = 2147483647;
			files = (
			);
			runOnlyForDeploymentPostprocessing = 0;
		};
		1FC1E9BF2561FB0C00B5E2B7 /* Frameworks */ = {
			isa = PBXFrameworksBuildPhase;
			buildActionMask = 2147483647;
			files = (
			);
			runOnlyForDeploymentPostprocessing = 0;
		};
		1FC1E9CA2561FB0C00B5E2B7 /* Frameworks */ = {
			isa = PBXFrameworksBuildPhase;
			buildActionMask = 2147483647;
			files = (
			);
			runOnlyForDeploymentPostprocessing = 0;
		};
/* End PBXFrameworksBuildPhase section */

/* Begin PBXGroup section */
		1FC1E9A82561FB0A00B5E2B7 = {
			isa = PBXGroup;
			children = (
				1FC1E9B32561FB0A00B5E2B7 /* Haptyk */,
				1FC1E9C52561FB0C00B5E2B7 /* HaptykTests */,
				1FC1E9D02561FB0C00B5E2B7 /* HaptykUITests */,
				1FC1E9B22561FB0A00B5E2B7 /* Products */,
			);
			sourceTree = "<group>";
		};
		1FC1E9B22561FB0A00B5E2B7 /* Products */ = {
			isa = PBXGroup;
			children = (
				1FC1E9B12561FB0A00B5E2B7 /* Haptyk.app */,
				1FC1E9C22561FB0C00B5E2B7 /* HaptykTests.xctest */,
				1FC1E9CD2561FB0C00B5E2B7 /* HaptykUITests.xctest */,
			);
			name = Products;
			sourceTree = "<group>";
		};
		1FC1E9B32561FB0A00B5E2B7 /* Haptyk */ = {
			isa = PBXGroup;
			children = (
				1FC1E9B42561FB0A00B5E2B7 /* HaptykApp.swift */,
				1FC1E9B62561FB0A00B5E2B7 /* ContentView.swift */,
				1FC1E9B82561FB0C00B5E2B7 /* Assets.xcassets */,
				1FC1E9BD2561FB0C00B5E2B7 /* Info.plist */,
				1FC1E9BA2561FB0C00B5E2B7 /* Preview Content */,
			);
			path = Haptyk;
			sourceTree = "<group>";
		};
		1FC1E9BA2561FB0C00B5E2B7 /* Preview Content */ = {
			isa = PBXGroup;
			children = (
				1FC1E9BB2561FB0C00B5E2B7 /* Preview Assets.xcassets */,
			);
			path = "Preview Content";
			sourceTree = "<group>";
		};
		1FC1E9C52561FB0C00B5E2B7 /* HaptykTests */ = {
			isa = PBXGroup;
			children = (
				1FC1E9C62561FB0C00B5E2B7 /* HaptykTests.swift */,
				1FC1E9C82561FB0C00B5E2B7 /* Info.plist */,
			);
			path = HaptykTests;
			sourceTree = "<group>";
		};
		1FC1E9D02561FB0C00B5E2B7 /* HaptykUITests */ = {
			isa = PBXGroup;
			children = (
				1FC1E9D12561FB0C00B5E2B7 /* HaptykUITests.swift */,
				1FC1E9D32561FB0C00B5E2B7 /* Info.plist */,
			);
			path = HaptykUITests;
			sourceTree = "<group>";
		};
/* End PBXGroup section */

/* Begin PBXNativeTarget section */
		1FC1E9B02561FB0A00B5E2B7 /* Haptyk */ = {
			isa = PBXNativeTarget;
			buildConfigurationList = 1FC1E9D62561FB0C00B5E2B7 /* Build configuration list for PBXNativeTarget "Haptyk" */;
			buildPhases = (
				1FC1E9AD2561FB0A00B5E2B7 /* Sources */,
				1FC1E9AE2561FB0A00B5E2B7 /* Frameworks */,
				1FC1E9AF2561FB0A00B5E2B7 /* Resources */,
			);
			buildRules = (
			);
			dependencies = (
			);
			name = Haptyk;
			productName = Haptyk;
			productReference = 1FC1E9B12561FB0A00B5E2B7 /* Haptyk.app */;
			productType = "com.apple.product-type.application";
		};
		1FC1E9C12561FB0C00B5E2B7 /* HaptykTests */ = {
			isa = PBXNativeTarget;
			buildConfigurationList = 1FC1E9D92561FB0C00B5E2B7 /* Build configuration list for PBXNativeTarget "HaptykTests" */;
			buildPhases = (
				1FC1E9BE2561FB0C00B5E2B7 /* Sources */,
				1FC1E9BF2561FB0C00B5E2B7 /* Frameworks */,
				1FC1E9C02561FB0C00B5E2B7 /* Resources */,
			);
			buildRules = (
			);
			dependencies = (
				1FC1E9C42561FB0C00B5E2B7 /* PBXTargetDependency */,
			);
			name = HaptykTests;
			productName = HaptykTests;
			productReference = 1FC1E9C22561FB0C00B5E2B7 /* HaptykTests.xctest */;
			productType = "com.apple.product-type.bundle.unit-test";
		};
		1FC1E9CC2561FB0C00B5E2B7 /* HaptykUITests */ = {
			isa = PBXNativeTarget;
			buildConfigurationList = 1FC1E9DC2561FB0C00B5E2B7 /* Build configuration list for PBXNativeTarget "HaptykUITests" */;
			buildPhases = (
				1FC1E9C92561FB0C00B5E2B7 /* Sources */,
				1FC1E9CA2561FB0C00B5E2B7 /* Frameworks */,
				1FC1E9CB2561FB0C00B5E2B7 /* Resources */,
			);
			buildRules = (
			);
			dependencies = (
				1FC1E9CF2561FB0C00B5E2B7 /* PBXTargetDependency */,
			);
			name = HaptykUITests;
			productName = HaptykUITests;
			productReference = 1FC1E9CD2561FB0C00B5E2B7 /* HaptykUITests.xctest */;
			productType = "com.apple.product-type.bundle.ui-testing";
		};
/* End PBXNativeTarget section */

/* Begin PBXProject section */
		1FC1E9A92561FB0A00B5E2B7 /* Project object */ = {
			isa = PBXProject;
			attributes = {
				LastSwiftUpdateCheck = 1220;
				LastUpgradeCheck = 1220;
				TargetAttributes = {
					1FC1E9B02561FB0A00B5E2B7 = {
						CreatedOnToolsVersion = 12.2;
					};
					1FC1E9C12561FB0C00B5E2B7 = {
						CreatedOnToolsVersion = 12.2;
						TestTargetID = 1FC1E9B02561FB0A00B5E2B7;
					};
					1FC1E9CC2561FB0C00B5E2B7 = {
						CreatedOnToolsVersion = 12.2;
						TestTargetID = 1FC1E9B02561FB0A00B5E2B7;
					};
				};
			};
			buildConfigurationList = 1FC1E9AC2561FB0A00B5E2B7 /* Build configuration list for PBXProject "Haptyk" */;
			compatibilityVersion = "Xcode 9.3";
			developmentRegion = en;
			hasScannedForEncodings = 0;
			knownRegions = (
				en,
				Base,
			);
			mainGroup = 1FC1E9A82561FB0A00B5E2B7;
			productRefGroup = 1FC1E9B22561FB0A00B5E2B7 /* Products */;
			projectDirPath = "";
			projectRoot = "";
			targets = (
				1FC1E9B02561FB0A00B5E2B7 /* Haptyk */,
				1FC1E9C12561FB0C00B5E2B7 /* HaptykTests */,
				1FC1E9CC2561FB0C00B5E2B7 /* HaptykUITests */,
			);
		};
/* End PBXProject section */

/* Begin PBXResourcesBuildPhase section */
		1FC1E9AF2561FB0A00B5E2B7 /* Resources */ = {
			isa = PBXResourcesBuildPhase;
			buildActionMask = 2147483647;
			files = (
				1FC1E9BC2561FB0C00B5E2B7 /* Preview Assets.xcassets in Resources */,
				1FC1E9B92561FB0C00B5E2B7 /* Assets.xcassets in Resources */,
			);
			runOnlyForDeploymentPostprocessing = 0;
		};
		1FC1E9C02561FB0C00B5E2B7 /* Resources */ = {
			isa = PBXResourcesBuildPhase;
			buildActionMask = 2147483647;
			files = (
			);
			runOnlyForDeploymentPostprocessing = 0;
		};
		1FC1E9CB2561FB0C00B5E2B7 /* Resources */ = {
			isa = PBXResourcesBuildPhase;
			buildActionMask = 2147483647;
			files = (
			);
			runOnlyForDeploymentPostprocessing = 0;
		};
/* End PBXResourcesBuildPhase section */

/* Begin PBXSourcesBuildPhase section */
		1FC1E9AD2561FB0A00B5E2B7 /* Sources */ = {
			isa = PBXSourcesBuildPhase;
			buildActionMask = 2147483647;
			files = (
				1FC1E9B72561FB0A00B5E2B7 /* ContentView.swift in Sources */,
				1FC1E9B52561FB0A00B5E2B7 /* HaptykApp.swift in Sources */,
			);
			runOnlyForDeploymentPostprocessing = 0;
		};
		1FC1E9BE2561FB0C00B5E2B7 /* Sources */ = {
			isa = PBXSourcesBuildPhase;
			buildActionMask = 2147483647;
			files = (
				1FC1E9C72561FB0C00B5E2B7 /* HaptykTests.swift in Sources */,
			);
			runOnlyForDeploymentPostprocessing = 0;
		};
		1FC1E9C92561FB0C00B5E2B7 /* Sources */ = {
			isa = PBXSourcesBuildPhase;
			buildActionMask = 2147483647;
			files = (
				1FC1E9D22561FB0C00B5E2B7 /* HaptykUITests.swift in Sources */,
			);
			runOnlyForDeploymentPostprocessing = 0;
		};
/* End PBXSourcesBuildPhase section */

/* Begin PBXTargetDependency section */
		1FC1E9C42561FB0C00B5E2B7 /* PBXTargetDependency */ = {
			isa = PBXTargetDependency;
			target = 1FC1E9B02561FB0A00B5E2B7 /* Haptyk */;
			targetProxy = 1FC1E9C32561FB0C00B5E2B7 /* PBXContainerItemProxy */;
		};
		1FC1E9CF2561FB0C00B5E2B7 /* PBXTargetDependency */ = {
			isa = PBXTargetDependency;
			target = 1FC1E9B02561FB0A00B5E2B7 /* Haptyk */;
			targetProxy = 1FC1E9CE2561FB0C00B5E2B7 /* PBXContainerItemProxy */;
		};
/* End PBXTargetDependency section */

/* Begin XCBuildConfiguration section */
		1FC1E9D42561FB0C00B5E2B7 /* Debug */ = {
			isa = XCBuildConfiguration;
			buildSettings = {
				ALWAYS_SEARCH_USER_PATHS = NO;
				CLANG_ANALYZER_NONNULL = YES;
				CLANG_ANALYZER_NUMBER_OBJECT_CONVERSION = YES_AGGRESSIVE;
				CLANG_CXX_LANGUAGE_STANDARD = "gnu++14";
				CLANG_CXX_LIBRARY = "libc++";
				CLANG_ENABLE_MODULES = YES;
				CLANG_ENABLE_OBJC_ARC = YES;
				CLANG_ENABLE_OBJC_WEAK = YES;
				CLANG_WARN_BLOCK_CAPTURE_AUTORELEASING = YES;
				CLANG_WARN_BOOL_CONVERSION = YES;
				CLANG_WARN_COMMA = YES;
				CLANG_WARN_CONSTANT_CONVERSION = YES;
				CLANG_WARN_DEPRECATED_OBJC_IMPLEMENTATIONS = YES;
				CLANG_WARN_DIRECT_OBJC_ISA_USAGE = YES_ERROR;
				CLANG_WARN_DOCUMENTATION_COMMENTS = YES;
				CLANG_WARN_EMPTY_BODY = YES;
				CLANG_WARN_ENUM_CONVERSION = YES;
				CLANG_WARN_INFINITE_RECURSION = YES;
				CLANG_WARN_INT_CONVERSION = YES;
				CLANG_WARN_NON_LITERAL_NULL_CONVERSION = YES;
				CLANG_WARN_OBJC_IMPLICIT_RETAIN_SELF = YES;
				CLANG_WARN_OBJC_LITERAL_CONVERSION = YES;
				CLANG_WARN_OBJC_ROOT_CLASS = YES_ERROR;
				CLANG_WARN_QUOTED_INCLUDE_IN_FRAMEWORK_HEADER = YES;
				CLANG_WARN_RANGE_LOOP_ANALYSIS = YES;
				CLANG_WARN_STRICT_PROTOTYPES = YES;
				CLANG_WARN_SUSPICIOUS_MOVE = YES;
				CLANG_WARN_UNGUARDED_AVAILABILITY = YES_AGGRESSIVE;
				CLANG_WARN_UNREACHABLE_CODE = YES;
				CLANG_WARN__DUPLICATE_METHOD_MATCH = YES;
				COPY_PHASE_STRIP = NO;
				DEBUG_INFORMATION_FORMAT = dwarf;
				ENABLE_STRICT_OBJC_MSGSEND = YES;
				ENABLE_TESTABILITY = YES;
				GCC_C_LANGUAGE_STANDARD = gnu11;
				GCC_DYNAMIC_NO_PIC = NO;
				GCC_NO_COMMON_BLOCKS = YES;
				GCC_OPTIMIZATION_LEVEL = 0;
				GCC_PREPROCESSOR_DEFINITIONS = (
					"DEBUG=1",
					"$(inherited)",
				);
				GCC_WARN_64_TO_32_BIT_CONVERSION = YES;
				GCC_WARN_ABOUT_RETURN_TYPE = YES_ERROR;
				GCC_WARN_UNDECLARED_SELECTOR = YES;
				GCC_WARN_UNINITIALIZED_AUTOS = YES_AGGRESSIVE;
				GCC_WARN_UNUSED_FUNCTION = YES;
				GCC_WARN_UNUSED_VARIABLE = YES;
				IPHONEOS_DEPLOYMENT_TARGET = 14.2;
				MTL_ENABLE_DEBUG_INFO = INCLUDE_SOURCE;
				MTL_FAST_MATH = YES;
				ONLY_ACTIVE_ARCH = YES;
				SDKROOT = iphoneos;
				SWIFT_ACTIVE_COMPILATION_CONDITIONS = DEBUG;
				SWIFT_OPTIMIZATION_LEVEL = "-Onone";
			};
			name = Debug;
		};
		1FC1E9D52561FB0C00B5E2B7 /* Release */ = {
			isa = XCBuildConfiguration;
			buildSettings = {
				ALWAYS_SEARCH_USER_PATHS = NO;
				CLANG_ANALYZER_NONNULL = YES;
				CLANG_ANALYZER_NUMBER_OBJECT_CONVERSION = YES_AGGRESSIVE;
				CLANG_CXX_LANGUAGE_STANDARD = "gnu++14";
				CLANG_CXX_LIBRARY = "libc++";
				CLANG_ENABLE_MODULES = YES;
				CLANG_ENABLE_OBJC_ARC = YES;
				CLANG_ENABLE_OBJC_WEAK = YES;
				CLANG_WARN_BLOCK_CAPTURE_AUTORELEASING = YES;
				CLANG_WARN_BOOL_CONVERSION = YES;
				CLANG_WARN_COMMA = YES;
				CLANG_WARN_CONSTANT_CONVERSION = YES;
				CLANG_WARN_DEPRECATED_OBJC_IMPLEMENTATIONS = YES;
				CLANG_WARN_DIRECT_OBJC_ISA_USAGE = YES_ERROR;
				CLANG_WARN_DOCUMENTATION_COMMENTS = YES;
				CLANG_WARN_EMPTY_BODY = YES;
				CLANG_WARN_ENUM_CONVERSION = YES;
				CLANG_WARN_INFINITE_RECURSION = YES;
				CLANG_WARN_INT_CONVERSION = YES;
				CLANG_WARN_NON_LITERAL_NULL_CONVERSION = YES;
				CLANG_WARN_OBJC_IMPLICIT_RETAIN_SELF = YES;
				CLANG_WARN_OBJC_LITERAL_CONVERSION = YES;
				CLANG_WARN_OBJC_ROOT_CLASS = YES_ERROR;
				CLANG_WARN_QUOTED_INCLUDE_IN_FRAMEWORK_HEADER = YES;
				CLANG_WARN_RANGE_LOOP_ANALYSIS = YES;
				CLANG_WARN_STRICT_PROTOTYPES = YES;
				CLANG_WARN_SUSPICIOUS_MOVE = YES;
				CLANG_WARN_UNGUARDED_AVAILABILITY = YES_AGGRESSIVE;
				CLANG_WARN_UNREACHABLE_CODE = YES;
				CLANG_WARN__DUPLICATE_METHOD_MATCH = YES;
				COPY_PHASE_STRIP = NO;
				DEBUG_INFORMATION_FORMAT = "dwarf-with-dsym";
				ENABLE_NS_ASSERTIONS = NO;
				ENABLE_STRICT_OBJC_MSGSEND = YES;
				GCC_C_LANGUAGE_STANDARD = gnu11;
				GCC_NO_COMMON_BLOCKS = YES;
				GCC_WARN_64_TO_32_BIT_CONVERSION = YES;
				GCC_WARN_ABOUT_RETURN_TYPE = YES_ERROR;
				GCC_WARN_UNDECLARED_SELECTOR = YES;
				GCC_WARN_UNINITIALIZED_AUTOS = YES_AGGRESSIVE;
				GCC_WARN_UNUSED_FUNCTION = YES;
				GCC_WARN_UNUSED_VARIABLE = YES;
				IPHONEOS_DEPLOYMENT_TARGET = 14.2;
				MTL_ENABLE_DEBUG_INFO = NO;
				MTL_FAST_MATH = YES;
				SDKROOT = iphoneos;
				SWIFT_COMPILATION_MODE = wholemodule;
				SWIFT_OPTIMIZATION_LEVEL = "-O";
				VALIDATE_PRODUCT = YES;
			};
			name = Release;
		};
		1FC1E9D72561FB0C00B5E2B7 /* Debug */ = {
			isa = XCBuildConfiguration;
			buildSettings = {
				ASSETCATALOG_COMPILER_APPICON_NAME = AppIcon;
				ASSETCATALOG_COMPILER_GLOBAL_ACCENT_COLOR_NAME = AccentColor;
				CODE_SIGN_STYLE = Automatic;
				DEVELOPMENT_ASSET_PATHS = "\"Haptyk/Preview Content\"";
				DEVELOPMENT_TEAM = 6SF8N4KXKH;
				ENABLE_PREVIEWS = YES;
				INFOPLIST_FILE = Haptyk/Info.plist;
				IPHONEOS_DEPLOYMENT_TARGET = 14.0;
				LD_RUNPATH_SEARCH_PATHS = (
					"$(inherited)",
					"@executable_path/Frameworks",
				);
				PRODUCT_BUNDLE_IDENTIFIER = com.parsamivehchi.Haptyk;
				PRODUCT_NAME = "$(TARGET_NAME)";
				SWIFT_VERSION = 5.0;
				TARGETED_DEVICE_FAMILY = "1,2";
			};
			name = Debug;
		};
		1FC1E9D82561FB0C00B5E2B7 /* Release */ = {
			isa = XCBuildConfiguration;
			buildSettings = {
				ASSETCATALOG_COMPILER_APPICON_NAME = AppIcon;
				ASSETCATALOG_COMPILER_GLOBAL_ACCENT_COLOR_NAME = AccentColor;
				CODE_SIGN_STYLE = Automatic;
				DEVELOPMENT_ASSET_PATHS = "\"Haptyk/Preview Content\"";
				DEVELOPMENT_TEAM = 6SF8N4KXKH;
				ENABLE_PREVIEWS = YES;
				INFOPLIST_FILE = Haptyk/Info.plist;
				IPHONEOS_DEPLOYMENT_TARGET = 14.0;
				LD_RUNPATH_SEARCH_PATHS = (
					"$(inherited)",
					"@executable_path/Frameworks",
				);
				PRODUCT_BUNDLE_IDENTIFIER = com.parsamivehchi.Haptyk;
				PRODUCT_NAME = "$(TARGET_NAME)";
				SWIFT_VERSION = 5.0;
				TARGETED_DEVICE_FAMILY = "1,2";
			};
			name = Release;
		};
		1FC1E9DA2561FB0C00B5E2B7 /* Debug */ = {
			isa = XCBuildConfiguration;
			buildSettings = {
				ALWAYS_EMBED_SWIFT_STANDARD_LIBRARIES = YES;
				BUNDLE_LOADER = "$(TEST_HOST)";
				CODE_SIGN_STYLE = Automatic;
				DEVELOPMENT_TEAM = 6SF8N4KXKH;
				INFOPLIST_FILE = HaptykTests/Info.plist;
				IPHONEOS_DEPLOYMENT_TARGET = 14.0;
				LD_RUNPATH_SEARCH_PATHS = (
					"$(inherited)",
					"@executable_path/Frameworks",
					"@loader_path/Frameworks",
				);
				PRODUCT_BUNDLE_IDENTIFIER = com.parsamivehchi.HaptykTests;
				PRODUCT_NAME = "$(TARGET_NAME)";
				SWIFT_VERSION = 5.0;
				TARGETED_DEVICE_FAMILY = "1,2";
				TEST_HOST = "$(BUILT_PRODUCTS_DIR)/Haptyk.app/Haptyk";
			};
			name = Debug;
		};
		1FC1E9DB2561FB0C00B5E2B7 /* Release */ = {
			isa = XCBuildConfiguration;
			buildSettings = {
				ALWAYS_EMBED_SWIFT_STANDARD_LIBRARIES = YES;
				BUNDLE_LOADER = "$(TEST_HOST)";
				CODE_SIGN_STYLE = Automatic;
				DEVELOPMENT_TEAM = 6SF8N4KXKH;
				INFOPLIST_FILE = HaptykTests/Info.plist;
				IPHONEOS_DEPLOYMENT_TARGET = 14.0;
				LD_RUNPATH_SEARCH_PATHS = (
					"$(inherited)",
					"@executable_path/Frameworks",
					"@loader_path/Frameworks",
				);
				PRODUCT_BUNDLE_IDENTIFIER = com.parsamivehchi.HaptykTests;
				PRODUCT_NAME = "$(TARGET_NAME)";
				SWIFT_VERSION = 5.0;
				TARGETED_DEVICE_FAMILY = "1,2";
				TEST_HOST = "$(BUILT_PRODUCTS_DIR)/Haptyk.app/Haptyk";
			};
			name = Release;
		};
		1FC1E9DD2561FB0C00B5E2B7 /* Debug */ = {
			isa = XCBuildConfiguration;
			buildSettings = {
				ALWAYS_EMBED_SWIFT_STANDARD_LIBRARIES = YES;
				CODE_SIGN_STYLE = Automatic;
				DEVELOPMENT_TEAM = 6SF8N4KXKH;
				INFOPLIST_FILE = HaptykUITests/Info.plist;
				LD_RUNPATH_SEARCH_PATHS = (
					"$(inherited)",
					"@executable_path/Frameworks",
					"@loader_path/Frameworks",
				);
				PRODUCT_BUNDLE_IDENTIFIER = com.parsamivehchi.HaptykUITests;
				PRODUCT_NAME = "$(TARGET_NAME)";
				SWIFT_VERSION = 5.0;
				TARGETED_DEVICE_FAMILY = "1,2";
				TEST_TARGET_NAME = Haptyk;
			};
			name = Debug;
		};
		1FC1E9DE2561FB0C00B5E2B7 /* Release */ = {
			isa = XCBuildConfiguration;
			buildSettings = {
				ALWAYS_EMBED_SWIFT_STANDARD_LIBRARIES = YES;
				CODE_SIGN_STYLE = Automatic;
				DEVELOPMENT_TEAM = 6SF8N4KXKH;
				INFOPLIST_FILE = HaptykUITests/Info.plist;
				LD_RUNPATH_SEARCH_PATHS = (
					"$(inherited)",
					"@executable_path/Frameworks",
					"@loader_path/Frameworks",
				);
				PRODUCT_BUNDLE_IDENTIFIER = com.parsamivehchi.HaptykUITests;
				PRODUCT_NAME = "$(TARGET_NAME)";
				SWIFT_VERSION = 5.0;
				TARGETED_DEVICE_FAMILY = "1,2";
				TEST_TARGET_NAME = Haptyk;
			};
			name = Release;
		};
/* End XCBuildConfiguration section */

/* Begin XCConfigurationList section */
		1FC1E9AC2561FB0A00B5E2B7 /* Build configuration list for PBXProject "Haptyk" */ = {
			isa = XCConfigurationList;
			buildConfigurations = (
				1FC1E9D42561FB0C00B5E2B7 /* Debug */,
				1FC1E9D52561FB0C00B5E2B7 /* Release */,
			);
			defaultConfigurationIsVisible = 0;
			defaultConfigurationName = Release;
		};
		1FC1E9D62561FB0C00B5E2B7 /* Build configuration list for PBXNativeTarget "Haptyk" */ = {
			isa = XCConfigurationList;
			buildConfigurations = (
				1FC1E9D72561FB0C00B5E2B7 /* Debug */,
				1FC1E9D82561FB0C00B5E2B7 /* Release */,
			);
			defaultConfigurationIsVisible = 0;
			defaultConfigurationName = Release;
		};
		1FC1E9D92561FB0C00B5E2B7 /* Build configuration list for PBXNativeTarget "HaptykTests" */ = {
			isa = XCConfigurationList;
			buildConfigurations = (
				1FC1E9DA2561FB0C00B5E2B7 /* Debug */,
				1FC1E9DB2561FB0C00B5E2B7 /* Release */,
			);
			defaultConfigurationIsVisible = 0;
			defaultConfigurationName = Release;
		};
		1FC1E9DC2561FB0C00B5E2B7 /* Build configuration list for PBXNativeTarget "HaptykUITests" */ = {
			isa = XCConfigurationList;
			buildConfigurations = (
				1FC1E9DD2561FB0C00B5E2B7 /* Debug */,
				1FC1E9DE2561FB0C00B5E2B7 /* Release */,
			);
			defaultConfigurationIsVisible = 0;
			defaultConfigurationName = Release;
		};
/* End XCConfigurationList section */
	};
	rootObject = 1FC1E9A92561FB0A00B5E2B7 /* Project object */;
}
